
Microsoft Visual Studio Solution File, Format Version 12.00
# Visual Studio 15
VisualStudioVersion = 15.0.27130.2036
MinimumVisualStudioVersion = 10.0.40219.1
Project("{FAE04EC0-301F-11D3-BF4B-00C04F79EFBC}") = "Improbable.Unreal.CodeGeneration", "Improbable.Unreal.CodeGeneration.csproj", "{E3A484B8-548A-4D9E-9F9C-ACA98F6E5DC2}"
EndProject
Project("{FAE04EC0-301F-11D3-BF4B-00C04F79EFBC}") = "Improbable.Unreal.CodeGeneration.Test", "..\Improbable.Unreal.CodeGeneration.Test\Improbable.Unreal.CodeGeneration.Test.csproj", "{519D7EBE-8C44-4AE5-A629-61C3586C8919}"
EndProject
Global
	GlobalSection(SolutionConfigurationPlatforms) = preSolution
		Debug|Any CPU = Debug|Any CPU
		Release|Any CPU = Release|Any CPU
	EndGlobalSection
	GlobalSection(ProjectConfigurationPlatforms) = postSolution
		{E3A484B8-548A-4D9E-9F9C-ACA98F6E5DC2}.Debug|Any CPU.ActiveCfg = Debug|Any CPU
		{E3A484B8-548A-4D9E-9F9C-ACA98F6E5DC2}.Debug|Any CPU.Build.0 = Debug|Any CPU
		{E3A484B8-548A-4D9E-9F9C-ACA98F6E5DC2}.Release|Any CPU.ActiveCfg = Release|Any CPU
		{E3A484B8-548A-4D9E-9F9C-ACA98F6E5DC2}.Release|Any CPU.Build.0 = Release|Any CPU
		{519D7EBE-8C44-4AE5-A629-61C3586C8919}.Debug|Any CPU.ActiveCfg = Debug|Any CPU
		{519D7EBE-8C44-4AE5-A629-61C3586C8919}.Debug|Any CPU.Build.0 = Debug|Any CPU
		{519D7EBE-8C44-4AE5-A629-61C3586C8919}.Release|Any CPU.ActiveCfg = Release|Any CPU
		{519D7EBE-8C44-4AE5-A629-61C3586C8919}.Release|Any CPU.Build.0 = Release|Any CPU
		{64CFD66A-5A64-43BC-A04A-795FC93E8380}.Debug|Any CPU.ActiveCfg = Debug|Any CPU
		{64CFD66A-5A64-43BC-A04A-795FC93E8380}.Debug|Any CPU.Build.0 = Debug|Any CPU
		{64CFD66A-5A64-43BC-A04A-795FC93E8380}.Release|Any CPU.ActiveCfg = Release|Any CPU
		{64CFD66A-5A64-43BC-A04A-795FC93E8380}.Release|Any CPU.Build.0 = Release|Any CPU
		{A2364D6A-00EF-417C-80A6-815726C70032}.Debug|Any CPU.ActiveCfg = Debug|Any CPU
		{A2364D6A-00EF-417C-80A6-815726C70032}.Debug|Any CPU.Build.0 = Debug|Any CPU
		{A2364D6A-00EF-417C-80A6-815726C70032}.Release|Any CPU.ActiveCfg = Release|Any CPU
		{A2364D6A-00EF-417C-80A6-815726C70032}.Release|Any CPU.Build.0 = Release|Any CPU
	EndGlobalSection
	GlobalSection(SolutionProperties) = preSolution
		HideSolutionNode = FALSE
	EndGlobalSection
	GlobalSection(ExtensibilityGlobals) = postSolution
		SolutionGuid = {E5A1A5E2-F7AD-48A1-8636-751EC54B204B}
	EndGlobalSection
EndGlobal
