
Microsoft Visual Studio Solution File, Format Version 12.00
# Visual Studio 15
VisualStudioVersion = 15.0.28307.438
MinimumVisualStudioVersion = 10.0.40219.1
Project("{8BC9CEB8-8B4A-11D0-8D11-00A0C91BC942}") = "CodegenTest", "CodegenTest.vcxproj", "{4B0B0BAF-8B37-46CD-BFFF-6098B404C9CD}"
EndProject
Global
	GlobalSection(SolutionConfigurationPlatforms) = preSolution
		Debug|x64 = Debug|x64
		Debug|x86 = Debug|x86
		Release|x64 = Release|x64
		Release|x86 = Release|x86
	EndGlobalSection
	GlobalSection(ProjectConfigurationPlatforms) = postSolution
		{4B0B0BAF-8B37-46CD-BFFF-6098B404C9CD}.Debug|x64.ActiveCfg = Debug|x64
		{4B0B0BAF-8B37-46CD-BFFF-6098B404C9CD}.Debug|x64.Build.0 = Debug|x64
		{4B0B0BAF-8B37-46CD-BFFF-6098B404C9CD}.Debug|x86.ActiveCfg = Debug|Win32
		{4B0B0BAF-8B37-46CD-BFFF-6098B404C9CD}.Debug|x86.Build.0 = Debug|Win32
		{4B0B0BAF-8B37-46CD-BFFF-6098B404C9CD}.Release|x64.ActiveCfg = Release|x64
		{4B0B0BAF-8B37-46CD-BFFF-6098B404C9CD}.Release|x64.Build.0 = Release|x64
		{4B0B0BAF-8B37-46CD-BFFF-6098B404C9CD}.Release|x86.ActiveCfg = Release|Win32
		{4B0B0BAF-8B37-46CD-BFFF-6098B404C9CD}.Release|x86.Build.0 = Release|Win32
	EndGlobalSection
	GlobalSection(SolutionProperties) = preSolution
		HideSolutionNode = FALSE
	EndGlobalSection
	GlobalSection(ExtensibilityGlobals) = postSolution
		SolutionGuid = {89E871D3-E717-4A2C-B144-B21028810BCB}
	EndGlobalSection
EndGlobal
