Microsoft Visual Studio Solution File, Format Version 12.00
# Visual Studio 15
VisualStudioVersion = 15.0.28307.106
MinimumVisualStudioVersion = 10.0.40219.1
Project("{9A19103F-16F7-4668-BE54-9A1E7A4F7556}") = "CodeGenerator", "CodeGenerator\CodeGenerator.csproj", "{A0B4603C-28EC-4BED-93E5-A93E0DA3A9A9}"
EndProject
Project("{9A19103F-16F7-4668-BE54-9A1E7A4F7556}") = "Improbable.CodeGen.Base", "Improbable.CodeGen.Base\Improbable.CodeGen.Base.csproj", "{75501A34-C77E-4DBC-BB4A-DE663B237519}"
EndProject
Project("{9A19103F-16F7-4668-BE54-9A1E7A4F7556}") = "Improbable.CodeGen.Unreal", "Improbable.CodeGen.Unreal\Improbable.CodeGen.Unreal.csproj", "{A7F6E9CD-1440-4982-8985-4B42DF5957BD}"
EndProject
Global
	GlobalSection(SolutionConfigurationPlatforms) = preSolution
		Debug|Any CPU = Debug|Any CPU
		Debug|x64 = Debug|x64
		Debug|x86 = Debug|x86
		Release|Any CPU = Release|Any CPU
		Release|x64 = Release|x64
		Release|x86 = Release|x86
	EndGlobalSection
	GlobalSection(ProjectConfigurationPlatforms) = postSolution
		{A0B4603C-28EC-4BED-93E5-A93E0DA3A9A9}.Debug|Any CPU.ActiveCfg = Debug|Any CPU
		{A0B4603C-28EC-4BED-93E5-A93E0DA3A9A9}.Debug|Any CPU.Build.0 = Debug|Any CPU
		{A0B4603C-28EC-4BED-93E5-A93E0DA3A9A9}.Debug|x64.ActiveCfg = Debug|Any CPU
		{A0B4603C-28EC-4BED-93E5-A93E0DA3A9A9}.Debug|x64.Build.0 = Debug|Any CPU
		{A0B4603C-28EC-4BED-93E5-A93E0DA3A9A9}.Debug|x86.ActiveCfg = Debug|Any CPU
		{A0B4603C-28EC-4BED-93E5-A93E0DA3A9A9}.Debug|x86.Build.0 = Debug|Any CPU
		{A0B4603C-28EC-4BED-93E5-A93E0DA3A9A9}.Release|Any CPU.ActiveCfg = Release|Any CPU
		{A0B4603C-28EC-4BED-93E5-A93E0DA3A9A9}.Release|Any CPU.Build.0 = Release|Any CPU
		{A0B4603C-28EC-4BED-93E5-A93E0DA3A9A9}.Release|x64.ActiveCfg = Release|Any CPU
		{A0B4603C-28EC-4BED-93E5-A93E0DA3A9A9}.Release|x64.Build.0 = Release|Any CPU
		{A0B4603C-28EC-4BED-93E5-A93E0DA3A9A9}.Release|x86.ActiveCfg = Release|Any CPU
		{A0B4603C-28EC-4BED-93E5-A93E0DA3A9A9}.Release|x86.Build.0 = Release|Any CPU
		{75501A34-C77E-4DBC-BB4A-DE663B237519}.Debug|Any CPU.ActiveCfg = Debug|Any CPU
		{75501A34-C77E-4DBC-BB4A-DE663B237519}.Debug|Any CPU.Build.0 = Debug|Any CPU
		{75501A34-C77E-4DBC-BB4A-DE663B237519}.Debug|x64.ActiveCfg = Debug|Any CPU
		{75501A34-C77E-4DBC-BB4A-DE663B237519}.Debug|x64.Build.0 = Debug|Any CPU
		{75501A34-C77E-4DBC-BB4A-DE663B237519}.Debug|x86.ActiveCfg = Debug|Any CPU
		{75501A34-C77E-4DBC-BB4A-DE663B237519}.Debug|x86.Build.0 = Debug|Any CPU
		{75501A34-C77E-4DBC-BB4A-DE663B237519}.Release|Any CPU.ActiveCfg = Release|Any CPU
		{75501A34-C77E-4DBC-BB4A-DE663B237519}.Release|Any CPU.Build.0 = Release|Any CPU
		{75501A34-C77E-4DBC-BB4A-DE663B237519}.Release|x64.ActiveCfg = Release|Any CPU
		{75501A34-C77E-4DBC-BB4A-DE663B237519}.Release|x64.Build.0 = Release|Any CPU
		{75501A34-C77E-4DBC-BB4A-DE663B237519}.Release|x86.ActiveCfg = Release|Any CPU
		{75501A34-C77E-4DBC-BB4A-DE663B237519}.Release|x86.Build.0 = Release|Any CPU
		{A7F6E9CD-1440-4982-8985-4B42DF5957BD}.Debug|Any CPU.ActiveCfg = Debug|Any CPU
		{A7F6E9CD-1440-4982-8985-4B42DF5957BD}.Debug|Any CPU.Build.0 = Debug|Any CPU
		{A7F6E9CD-1440-4982-8985-4B42DF5957BD}.Debug|x64.ActiveCfg = Debug|Any CPU
		{A7F6E9CD-1440-4982-8985-4B42DF5957BD}.Debug|x64.Build.0 = Debug|Any CPU
		{A7F6E9CD-1440-4982-8985-4B42DF5957BD}.Debug|x86.ActiveCfg = Debug|Any CPU
		{A7F6E9CD-1440-4982-8985-4B42DF5957BD}.Debug|x86.Build.0 = Debug|Any CPU
		{A7F6E9CD-1440-4982-8985-4B42DF5957BD}.Release|Any CPU.ActiveCfg = Release|Any CPU
		{A7F6E9CD-1440-4982-8985-4B42DF5957BD}.Release|Any CPU.Build.0 = Release|Any CPU
		{A7F6E9CD-1440-4982-8985-4B42DF5957BD}.Release|x64.ActiveCfg = Release|Any CPU
		{A7F6E9CD-1440-4982-8985-4B42DF5957BD}.Release|x64.Build.0 = Release|Any CPU
		{A7F6E9CD-1440-4982-8985-4B42DF5957BD}.Release|x86.ActiveCfg = Release|Any CPU
		{A7F6E9CD-1440-4982-8985-4B42DF5957BD}.Release|x86.Build.0 = Release|Any CPU
	EndGlobalSection
	GlobalSection(SolutionProperties) = preSolution
		HideSolutionNode = FALSE
	EndGlobalSection
	GlobalSection(ExtensibilityGlobals) = postSolution
		SolutionGuid = {537C533D-AF97-4BAC-B19F-E3E67510ABE3}
	EndGlobalSection
EndGlobal
